
Microsoft Visual Studio Solution File, Format Version 12.00
# Visual Studio Version 17
VisualStudioVersion = 17.0.31903.59
MinimumVisualStudioVersion = 10.0.40219.1
Project("{2150E333-8FDC-42A3-9474-1A3956D46DE8}") = "Services", "Services", "{C3A0DCF2-A623-48D3-B477-C586876F5596}"
EndProject
Project("{2150E333-8FDC-42A3-9474-1A3956D46DE8}") = "ApiGateways", "ApiGateways", "{6CCAC779-AB41-4CF0-919D-B7BD9AED79D4}"
EndProject
Project("{FAE04EC0-301F-11D3-BF4B-00C04F79EFBC}") = "YarnApiGateway", "ApiGateways\YarnApiGateway\YarnApiGateway.csproj", "{A3D6A171-2100-4A64-B3C5-3701583603FC}"
EndProject
Project("{2150E333-8FDC-42A3-9474-1A3956D46DE8}") = "CourseManagement", "CourseManagement", "{49B7CDA9-D50F-4F5E-ABDF-E4A6754CD1B5}"
EndProject
Project("{FAE04EC0-301F-11D3-BF4B-00C04F79EFBC}") = "CourseManagement.API", "Services\CourseManagement\CourseManagement.API\CourseManagement.API.csproj", "{C604181A-0A3F-4D64-B360-08A479235E52}"
EndProject
Project("{2150E333-8FDC-42A3-9474-1A3956D46DE8}") = "IAM", "IAM", "{1117B429-D630-4181-8A22-2F49C9F4CEA1}"
EndProject
Project("{FAE04EC0-301F-11D3-BF4B-00C04F79EFBC}") = "IAM.API", "Services\IAM\IAM.API\IAM.API.csproj", "{326BC54C-9B7D-442E-8DCE-E3EA1FBF4042}"
EndProject
Project("{FAE04EC0-301F-11D3-BF4B-00C04F79EFBC}") = "IAM.Services", "Services\IAM\IAM.Services\IAM.Services.csproj", "{87D50E90-8519-4725-ADDF-9CB009761E3A}"
EndProject
Project("{FAE04EC0-301F-11D3-BF4B-00C04F79EFBC}") = "IAM.Repositories", "Services\IAM\IAM.Repositories\IAM.Repositories.csproj", "{0759B59D-A548-413D-A116-8BEE55EAA54C}"
EndProject
Project("{2150E333-8FDC-42A3-9474-1A3956D46DE8}") = "Shared", "Shared", "{D5F21AA7-0673-48D0-B31C-CB45949D7D2F}"
EndProject
Project("{FAE04EC0-301F-11D3-BF4B-00C04F79EFBC}") = "Shared", "Shared\Shared\Shared.csproj", "{A0BC97E0-C988-4108-8A4E-219839797268}"
EndProject
Project("{FAE04EC0-301F-11D3-BF4B-00C04F79EFBC}") = "Repository", "Services\CourseManagement\Repository\Repository.csproj", "{9328B37C-8D8A-429E-B7BA-2AE67A623142}"
EndProject
Project("{FAE04EC0-301F-11D3-BF4B-00C04F79EFBC}") = "Service", "Services\CourseManagement\Service\Service.csproj", "{33699253-F191-4092-BAB0-9D868D16DD9A}"
EndProject
Project("{2150E333-8FDC-42A3-9474-1A3956D46DE8}") = "Submission", "Submission", "{81DADE53-4E1E-4B77-9308-C160AEB83F82}"
EndProject
Project("{FAE04EC0-301F-11D3-BF4B-00C04F79EFBC}") = "Submission.API", "Services\Submission\Submission.API\Submission.API.csproj", "{FEA38EED-6821-40B3-BFF6-83A5E958E7C0}"
EndProject
Project("{FAE04EC0-301F-11D3-BF4B-00C04F79EFBC}") = "Submission.Services", "Services\Submission\Submission.Services\Submission.Services.csproj", "{A33F2CE8-1C12-4B5E-A442-227D03467EF1}"
EndProject
Project("{FAE04EC0-301F-11D3-BF4B-00C04F79EFBC}") = "Submission.Repositories", "Services\Submission\Submission.Repositories\Submission.Repositories.csproj", "{2D920692-11BB-44F5-B342-6A4216DBD3E2}"
EndProject
Global
	GlobalSection(SolutionConfigurationPlatforms) = preSolution
		Debug|Any CPU = Debug|Any CPU
		Release|Any CPU = Release|Any CPU
	EndGlobalSection
	GlobalSection(ProjectConfigurationPlatforms) = postSolution
		{A3D6A171-2100-4A64-B3C5-3701583603FC}.Debug|Any CPU.ActiveCfg = Debug|Any CPU
		{A3D6A171-2100-4A64-B3C5-3701583603FC}.Debug|Any CPU.Build.0 = Debug|Any CPU
		{A3D6A171-2100-4A64-B3C5-3701583603FC}.Release|Any CPU.ActiveCfg = Release|Any CPU
		{A3D6A171-2100-4A64-B3C5-3701583603FC}.Release|Any CPU.Build.0 = Release|Any CPU
		{C604181A-0A3F-4D64-B360-08A479235E52}.Debug|Any CPU.ActiveCfg = Debug|Any CPU
		{C604181A-0A3F-4D64-B360-08A479235E52}.Debug|Any CPU.Build.0 = Debug|Any CPU
		{C604181A-0A3F-4D64-B360-08A479235E52}.Release|Any CPU.ActiveCfg = Release|Any CPU
		{C604181A-0A3F-4D64-B360-08A479235E52}.Release|Any CPU.Build.0 = Release|Any CPU
		{326BC54C-9B7D-442E-8DCE-E3EA1FBF4042}.Debug|Any CPU.ActiveCfg = Debug|Any CPU
		{326BC54C-9B7D-442E-8DCE-E3EA1FBF4042}.Debug|Any CPU.Build.0 = Debug|Any CPU
		{326BC54C-9B7D-442E-8DCE-E3EA1FBF4042}.Release|Any CPU.ActiveCfg = Release|Any CPU
		{326BC54C-9B7D-442E-8DCE-E3EA1FBF4042}.Release|Any CPU.Build.0 = Release|Any CPU
		{87D50E90-8519-4725-ADDF-9CB009761E3A}.Debug|Any CPU.ActiveCfg = Debug|Any CPU
		{87D50E90-8519-4725-ADDF-9CB009761E3A}.Debug|Any CPU.Build.0 = Debug|Any CPU
		{87D50E90-8519-4725-ADDF-9CB009761E3A}.Release|Any CPU.ActiveCfg = Release|Any CPU
		{87D50E90-8519-4725-ADDF-9CB009761E3A}.Release|Any CPU.Build.0 = Release|Any CPU
		{0759B59D-A548-413D-A116-8BEE55EAA54C}.Debug|Any CPU.ActiveCfg = Debug|Any CPU
		{0759B59D-A548-413D-A116-8BEE55EAA54C}.Debug|Any CPU.Build.0 = Debug|Any CPU
		{0759B59D-A548-413D-A116-8BEE55EAA54C}.Release|Any CPU.ActiveCfg = Release|Any CPU
		{0759B59D-A548-413D-A116-8BEE55EAA54C}.Release|Any CPU.Build.0 = Release|Any CPU
		{A0BC97E0-C988-4108-8A4E-219839797268}.Debug|Any CPU.ActiveCfg = Debug|Any CPU
		{A0BC97E0-C988-4108-8A4E-219839797268}.Debug|Any CPU.Build.0 = Debug|Any CPU
		{A0BC97E0-C988-4108-8A4E-219839797268}.Release|Any CPU.ActiveCfg = Release|Any CPU
		{A0BC97E0-C988-4108-8A4E-219839797268}.Release|Any CPU.Build.0 = Release|Any CPU
		{9328B37C-8D8A-429E-B7BA-2AE67A623142}.Debug|Any CPU.ActiveCfg = Debug|Any CPU
		{9328B37C-8D8A-429E-B7BA-2AE67A623142}.Debug|Any CPU.Build.0 = Debug|Any CPU
		{9328B37C-8D8A-429E-B7BA-2AE67A623142}.Release|Any CPU.ActiveCfg = Release|Any CPU
		{9328B37C-8D8A-429E-B7BA-2AE67A623142}.Release|Any CPU.Build.0 = Release|Any CPU
		{33699253-F191-4092-BAB0-9D868D16DD9A}.Debug|Any CPU.ActiveCfg = Debug|Any CPU
		{33699253-F191-4092-BAB0-9D868D16DD9A}.Debug|Any CPU.Build.0 = Debug|Any CPU
		{33699253-F191-4092-BAB0-9D868D16DD9A}.Release|Any CPU.ActiveCfg = Release|Any CPU
		{33699253-F191-4092-BAB0-9D868D16DD9A}.Release|Any CPU.Build.0 = Release|Any CPU
		{FEA38EED-6821-40B3-BFF6-83A5E958E7C0}.Debug|Any CPU.ActiveCfg = Debug|Any CPU
		{FEA38EED-6821-40B3-BFF6-83A5E958E7C0}.Debug|Any CPU.Build.0 = Debug|Any CPU
		{FEA38EED-6821-40B3-BFF6-83A5E958E7C0}.Release|Any CPU.ActiveCfg = Release|Any CPU
		{FEA38EED-6821-40B3-BFF6-83A5E958E7C0}.Release|Any CPU.Build.0 = Release|Any CPU
		{A33F2CE8-1C12-4B5E-A442-227D03467EF1}.Debug|Any CPU.ActiveCfg = Debug|Any CPU
		{A33F2CE8-1C12-4B5E-A442-227D03467EF1}.Debug|Any CPU.Build.0 = Debug|Any CPU
		{A33F2CE8-1C12-4B5E-A442-227D03467EF1}.Release|Any CPU.ActiveCfg = Release|Any CPU
		{A33F2CE8-1C12-4B5E-A442-227D03467EF1}.Release|Any CPU.Build.0 = Release|Any CPU
		{2D920692-11BB-44F5-B342-6A4216DBD3E2}.Debug|Any CPU.ActiveCfg = Debug|Any CPU
		{2D920692-11BB-44F5-B342-6A4216DBD3E2}.Debug|Any CPU.Build.0 = Debug|Any CPU
		{2D920692-11BB-44F5-B342-6A4216DBD3E2}.Release|Any CPU.ActiveCfg = Release|Any CPU
		{2D920692-11BB-44F5-B342-6A4216DBD3E2}.Release|Any CPU.Build.0 = Release|Any CPU
	EndGlobalSection
	GlobalSection(SolutionProperties) = preSolution
		HideSolutionNode = FALSE
	EndGlobalSection
	GlobalSection(NestedProjects) = preSolution
		{A3D6A171-2100-4A64-B3C5-3701583603FC} = {6CCAC779-AB41-4CF0-919D-B7BD9AED79D4}
		{49B7CDA9-D50F-4F5E-ABDF-E4A6754CD1B5} = {C3A0DCF2-A623-48D3-B477-C586876F5596}
		{C604181A-0A3F-4D64-B360-08A479235E52} = {49B7CDA9-D50F-4F5E-ABDF-E4A6754CD1B5}
		{1117B429-D630-4181-8A22-2F49C9F4CEA1} = {C3A0DCF2-A623-48D3-B477-C586876F5596}
		{326BC54C-9B7D-442E-8DCE-E3EA1FBF4042} = {1117B429-D630-4181-8A22-2F49C9F4CEA1}
		{87D50E90-8519-4725-ADDF-9CB009761E3A} = {1117B429-D630-4181-8A22-2F49C9F4CEA1}
		{0759B59D-A548-413D-A116-8BEE55EAA54C} = {1117B429-D630-4181-8A22-2F49C9F4CEA1}
		{A0BC97E0-C988-4108-8A4E-219839797268} = {D5F21AA7-0673-48D0-B31C-CB45949D7D2F}
		{9328B37C-8D8A-429E-B7BA-2AE67A623142} = {49B7CDA9-D50F-4F5E-ABDF-E4A6754CD1B5}
		{33699253-F191-4092-BAB0-9D868D16DD9A} = {49B7CDA9-D50F-4F5E-ABDF-E4A6754CD1B5}
	EndGlobalSection
	GlobalSection(ExtensibilityGlobals) = postSolution
		SolutionGuid = {2D921904-FFAB-413D-8A28-8E2DB417A1B6}
	EndGlobalSection
EndGlobal
